# flow-prompts.lock — SHA-256 baseline for synced FLOW prompts
# Ref: HEAD | format: <sha256hex>  <rel_path> (sha256sum-compatible)

1f7e5d60194c252a6b38ba1eb78970cdf5bea2f096563c508bfad36f7e445f75  skills/seo-flow/references/bibliography.md
029c009e0fd5fc77763a530af24a83bf8cf21eb703158317bde8518446af0887  skills/seo-flow/references/flow-framework.md
26e434454595c47c63e3ef5c4c5d975a8a8208ca01887e51ab09a45eb679085a  skills/seo-flow/references/prompts/README.md
0bab3257ca8c588ffe6e96adc97d2201fc1fb4cfd5a8674cfeb97a640ab78ce1  skills/seo-flow/references/prompts/find/content-planning-for-topical-relevance-prompt.md
e8d12ec0b02de03de7b0066a1b29b4e5523f49413bb276c3d936ca068f1645b0  skills/seo-flow/references/prompts/find/content-prioritization-prompt.md
3bd3c230f682c65c328324d37dada59a76ca85326bfe97fbf3acf6849e36525d  skills/seo-flow/references/prompts/find/keyword-research-prompt.md
18b92580c0de1d0df6a8353efc0fd98864ed9e7090318cd4564cae84f79e2bd1  skills/seo-flow/references/prompts/find/keyword-variations-for-topical-relevance-prompt.md
450d58afe2499f7644f947725fcaaf9463931e09d8fdcb93765d25c6e0750d22  skills/seo-flow/references/prompts/find/prompt-audience-avatar.md
88b5a6aca87c0f5ad12ed0a9cec601c23e944db2ff1014502fe7218064249be4  skills/seo-flow/references/prompts/leverage/backlink-competition-prompt.md
d33e8918c05d99136baf476165a57a94b7cc0c93bf3585d49bb7212d93bb0455  skills/seo-flow/references/prompts/local/ai-homepage-rewrite-prompt.md
65a9876a959b4aba089e4aac9bb078eb2c487726285f0828535b9178f7410dcb  skills/seo-flow/references/prompts/local/claude-deep-research-prompt.md
f365d29c9bc3be0aa692a4b0f38515a0d75061ace60603285dbd2aed4a180ec8  skills/seo-flow/references/prompts/local/gbp-categories-prompt.md
80c73c39f7240ba87bdefd19babdde7f15e6dfe0cdebfa490d62dad2c3dc8702  skills/seo-flow/references/prompts/local/gbp-description-claude-prompt-1.md
d3ee5d748597d85cbd15b31a0e72a9d67a6f91d65f0f8a750ff7bd5ad0398f00  skills/seo-flow/references/prompts/local/gbp-description-claude-prompt-2.md
3c1eaca3250b854b025729aee39df6593518595eb6d2ec1f9cc24bc927ae3845  skills/seo-flow/references/prompts/local/gbp-description-claude-prompt-3.md
a82eebb02b5b5b9d2e02fd21f364dae9641aae69e9a8c2ddfd1ddd975d5ea0aa  skills/seo-flow/references/prompts/local/gbp-services-prompt.md
82f9d16c7158978c50c7f2ee783d636e6e54c27bde4ae56aa4df0a729710fe6e  skills/seo-flow/references/prompts/local/prompt-generating-a-meta-description.md
5db99be445c3d72fdaabf75ca92133981b586d6e48221e8df1bec06233ff62f7  skills/seo-flow/references/prompts/local/prompt-generating-a-title-tag.md
b0000ade4e79a06e65d568e17a06ec98ababae5b33d16f61f1e101dd3f0b5720  skills/seo-flow/references/prompts/local/prompt-rewriting-existing-homepage.md
6e24da4f82b486b614e9ca2b4ae4cd8554865aedd6043218334d9dfe245afed3  skills/seo-flow/references/prompts/local/prompt-rewriting-existing-service-page.md
23b75608644f51981e8421e307a1f9c51497587fe01a846828b9142525830fd0  skills/seo-flow/references/prompts/optimize/ai-detector-test-follow-up-prompt.md
92e0f8e7fded7438ed86ac58fa9f0c66122308e36903eb064125b0a2e8a10f87  skills/seo-flow/references/prompts/optimize/ai-supporting-pages-rewrite-prompt.md
5f8ddce6655b91e3bd23ff0174d0890d46db4c86b2074230793a834c51f87d34  skills/seo-flow/references/prompts/optimize/basic-prompt.md
4427a6ffbe45fbfa397cc3e7bb8ff2cc2d1e4652f2b2ddfff2e3ccd299ae79cc  skills/seo-flow/references/prompts/optimize/blog-post-outline-prompt.md
e88b8781e6a1f69cc7043fbdd0b79365d87691daa1d0b910957fe61aa8a9964c  skills/seo-flow/references/prompts/optimize/blog-post-writing-prompt.md
ae0f7460bf85ac666af355d4b3960f31a07beb2a009154c2c3c336de45b8afe9  skills/seo-flow/references/prompts/optimize/claude-prompt-1.md
881278d4c5872b2d2f03eef8df21fb1dbee499acab565d039531f96d455528c3  skills/seo-flow/references/prompts/optimize/claude-prompt-2.md
cfe26d1f07bd98f5a98a3e6a825d0127cf7b003519fdfb595c4761393ac143ea  skills/seo-flow/references/prompts/optimize/ctr-audit-prompt.md
d35a7f848aab67df85391acf5f6208bdcea6f51bf454a4e87129446bc928f3f0  skills/seo-flow/references/prompts/optimize/follow-up-prompt-1.md
e8e55404737510c63080c93401a00097058eee7ef40f56f77659cccda29cc984  skills/seo-flow/references/prompts/optimize/follow-up-prompt-2.md
454d9b9f684f2dfa54530819e2505361b165d54e3d1fa92a1be61367ac5da072  skills/seo-flow/references/prompts/optimize/follow-up-prompt.md
770b5ba49150b2a48753a7c51d60d3b93c3091fb5aedc24a7c8f41c463517e55  skills/seo-flow/references/prompts/optimize/paa-question-rewording-prompt.md
b58c751c5552592b5e7f0e176c21fb0c509924a7a98bc635e32e1b93e8dff3fd  skills/seo-flow/references/prompts/optimize/prompt-core-30-content-audit.md
4e7a894b86b03a20c4b9b06239fe97f224f680c6ab8d68d942a4e546182b7077  skills/seo-flow/references/prompts/optimize/property-content-with-authority-audit-prompt.md
be767e88a2b3b6c9a4bbbc4f2f2611e1606babdf9b18163cab8b5050966048ab  skills/seo-flow/references/prompts/optimize/reddit-claude-prompt.md
a7b3f4fe17f7e0b5257b2cb940a00b005c44e21bfdb13de0d889b4a5cbd6fa09  skills/seo-flow/references/prompts/optimize/schema-prompt-1.md
45112ea78038130ff3d29d6e965401d234a4a2a540883e6c625a877defa46e24  skills/seo-flow/references/prompts/optimize/step-1-the-chatgpt-discovery-prompt.md
f08df22ed90c0ba1b7b7f529331309161a886fd2e12bf4ff3ec955bb10fd22ee  skills/seo-flow/references/prompts/optimize/step-2-the-follow-up-qualifying-prompt.md
51274ab6e21a62892171c53397f935242f55c3726f3d2a11850985839b047ff4  skills/seo-flow/references/prompts/optimize/technical-audit-prompt.md
0a76f9075c783957d45ab58cec04f4701f01e235a65e9d97ab7b52f7c10f3201  skills/seo-flow/references/prompts/optimize/visibility-follow-up-prompt.md
769684b2895051491a7eed1eb1ff0e0065d2472cc395fee04fc99eed85df83de  skills/seo-flow/references/prompts/optimize/visiblity-prompt.md
dbbe1d51ef93bdc1918bfab1b0948a0d87500410ea8d6727f088e5e4f937dadf  skills/seo-flow/references/prompts/win/bofu-page-brief-generator.md
1fb96a2a2c0dcb096389992d14fc12738523c94e2559ebd71a46b8264f2049d7  skills/seo-flow/references/prompts/win/conversion-audit-prompt.md
9521283c3578d613a9a25f985d609995d92d284f982d0377160a646563fa7c18  skills/seo-flow/references/prompts/win/dual-surface-content-scorecard.md
